// !$*UTF8*$!
{
	archiveVersion = 1;
	classes = {
	};
	objectVersion = 56;
	objects = {

/* Begin PBXBuildFile section */
		D7B77F9F294B4D3A00AB8C14 /* MascotApp.swift in Sources */ = {isa = PBXBuildFile; fileRef = D7B77F9E294B4D3A00AB8C14 /* MascotApp.swift */; };
		D7B77FA1294B4D3A00AB8C14 /* ContentView.swift in Sources */ = {isa = PBXBuildFile; fileRef = D7B77FA0294B4D3A00AB8C14 /* ContentView.swift */; };
		D7B77FA3294B4D3B00AB8C14 /* Assets.xcassets in Resources */ = {isa = PBXBuildFile; fileRef = D7B77FA2294B4D3B00AB8C14 /* Assets.xcassets */; };
		D7B77FA6294B4D3B00AB8C14 /* Preview Assets.xcassets in Resources */ = {isa = PBXBuildFile; fileRef = D7B77FA5294B4D3B00AB8C14 /* Preview Assets.xcassets */; };
		D7B77FB3294B56B300AB8C14 /* LoginView.swift in Sources */ = {isa = PBXBuildFile; fileRef = D7B77FB2294B56B300AB8C14 /* LoginView.swift */; };
		D7B77FB5294B56C200AB8C14 /* ResisterView.swift in Sources */ = {isa = PBXBuildFile; fileRef = D7B77FB4294B56C200AB8C14 /* ResisterView.swift */; };
		D7B77FB7294B56DB00AB8C14 /* LoginResisterModel.swift in Sources */ = {isa = PBXBuildFile; fileRef = D7B77FB6294B56DB00AB8C14 /* LoginResisterModel.swift */; };
		D7B77FB9294B56EB00AB8C14 /* AuthStore.swift in Sources */ = {isa = PBXBuildFile; fileRef = D7B77FB8294B56EB00AB8C14 /* AuthStore.swift */; };
		D7B77FBB294B5CFD00AB8C14 /* ImagePicker.swift in Sources */ = {isa = PBXBuildFile; fileRef = D7B77FBA294B5CFD00AB8C14 /* ImagePicker.swift */; };
		D7B77FBD294B613500AB8C14 /* GoogleService-Info.plist in Resources */ = {isa = PBXBuildFile; fileRef = D7B77FBC294B613500AB8C14 /* GoogleService-Info.plist */; };
		D7B77FC0294B620400AB8C14 /* FirebaseAuth in Frameworks */ = {isa = PBXBuildFile; productRef = D7B77FBF294B620400AB8C14 /* FirebaseAuth */; };
		D7B77FC2294B620400AB8C14 /* FirebaseDatabase in Frameworks */ = {isa = PBXBuildFile; productRef = D7B77FC1294B620400AB8C14 /* FirebaseDatabase */; };
		D7B77FC4294B620400AB8C14 /* FirebaseDatabaseSwift in Frameworks */ = {isa = PBXBuildFile; productRef = D7B77FC3294B620400AB8C14 /* FirebaseDatabaseSwift */; };
		D7B77FC6294B620400AB8C14 /* FirebaseFirestore in Frameworks */ = {isa = PBXBuildFile; productRef = D7B77FC5294B620400AB8C14 /* FirebaseFirestore */; };
		D7B77FC8294B620400AB8C14 /* FirebaseFirestoreSwift in Frameworks */ = {isa = PBXBuildFile; productRef = D7B77FC7294B620400AB8C14 /* FirebaseFirestoreSwift */; };
		D7B77FCA294B620400AB8C14 /* FirebaseStorage in Frameworks */ = {isa = PBXBuildFile; productRef = D7B77FC9294B620400AB8C14 /* FirebaseStorage */; };
		D7B77FCD294B62D800AB8C14 /* SDWebImageSwiftUI in Frameworks */ = {isa = PBXBuildFile; productRef = D7B77FCC294B62D800AB8C14 /* SDWebImageSwiftUI */; };
		D7B77FCF294C060B00AB8C14 /* PostView.swift in Sources */ = {isa = PBXBuildFile; fileRef = D7B77FCE294C060B00AB8C14 /* PostView.swift */; };
/* End PBXBuildFile section */

/* Begin PBXFileReference section */
		D7B77F9B294B4D3A00AB8C14 /* Mascot.app */ = {isa = PBXFileReference; explicitFileType = wrapper.application; includeInIndex = 0; path = Mascot.app; sourceTree = BUILT_PRODUCTS_DIR; };
		D7B77F9E294B4D3A00AB8C14 /* MascotApp.swift */ = {isa = PBXFileReference; lastKnownFileType = sourcecode.swift; path = MascotApp.swift; sourceTree = "<group>"; };
		D7B77FA0294B4D3A00AB8C14 /* ContentView.swift */ = {isa = PBXFileReference; lastKnownFileType = sourcecode.swift; path = ContentView.swift; sourceTree = "<group>"; };
		D7B77FA2294B4D3B00AB8C14 /* Assets.xcassets */ = {isa = PBXFileReference; lastKnownFileType = folder.assetcatalog; path = Assets.xcassets; sourceTree = "<group>"; };
		D7B77FA5294B4D3B00AB8C14 /* Preview Assets.xcassets */ = {isa = PBXFileReference; lastKnownFileType = folder.assetcatalog; path = "Preview Assets.xcassets"; sourceTree = "<group>"; };
		D7B77FB2294B56B300AB8C14 /* LoginView.swift */ = {isa = PBXFileReference; lastKnownFileType = sourcecode.swift; path = LoginView.swift; sourceTree = "<group>"; };
		D7B77FB4294B56C200AB8C14 /* ResisterView.swift */ = {isa = PBXFileReference; lastKnownFileType = sourcecode.swift; path = ResisterView.swift; sourceTree = "<group>"; };
		D7B77FB6294B56DB00AB8C14 /* LoginResisterModel.swift */ = {isa = PBXFileReference; lastKnownFileType = sourcecode.swift; path = LoginResisterModel.swift; sourceTree = "<group>"; };
		D7B77FB8294B56EB00AB8C14 /* AuthStore.swift */ = {isa = PBXFileReference; lastKnownFileType = sourcecode.swift; path = AuthStore.swift; sourceTree = "<group>"; };
		D7B77FBA294B5CFD00AB8C14 /* ImagePicker.swift */ = {isa = PBXFileReference; lastKnownFileType = sourcecode.swift; path = ImagePicker.swift; sourceTree = "<group>"; };
		D7B77FBC294B613500AB8C14 /* GoogleService-Info.plist */ = {isa = PBXFileReference; fileEncoding = 4; lastKnownFileType = text.plist.xml; path = "GoogleService-Info.plist"; sourceTree = "<group>"; };
		D7B77FCE294C060B00AB8C14 /* PostView.swift */ = {isa = PBXFileReference; lastKnownFileType = sourcecode.swift; path = PostView.swift; sourceTree = "<group>"; };
/* End PBXFileReference section */

/* Begin PBXFrameworksBuildPhase section */
		D7B77F98294B4D3A00AB8C14 /* Frameworks */ = {
			isa = PBXFrameworksBuildPhase;
			buildActionMask = 2147483647;
			files = (
				D7B77FCD294B62D800AB8C14 /* SDWebImageSwiftUI in Frameworks */,
				D7B77FC8294B620400AB8C14 /* FirebaseFirestoreSwift in Frameworks */,
				D7B77FC4294B620400AB8C14 /* FirebaseDatabaseSwift in Frameworks */,
				D7B77FC6294B620400AB8C14 /* FirebaseFirestore in Frameworks */,
				D7B77FC2294B620400AB8C14 /* FirebaseDatabase in Frameworks */,
				D7B77FC0294B620400AB8C14 /* FirebaseAuth in Frameworks */,
				D7B77FCA294B620400AB8C14 /* FirebaseStorage in Frameworks */,
			);
			runOnlyForDeploymentPostprocessing = 0;
		};
/* End PBXFrameworksBuildPhase section */

/* Begin PBXGroup section */
		D7B77F92294B4D3900AB8C14 = {
			isa = PBXGroup;
			children = (
				D7B77F9D294B4D3A00AB8C14 /* Mascot */,
				D7B77F9C294B4D3A00AB8C14 /* Products */,
			);
			sourceTree = "<group>";
		};
		D7B77F9C294B4D3A00AB8C14 /* Products */ = {
			isa = PBXGroup;
			children = (
				D7B77F9B294B4D3A00AB8C14 /* Mascot.app */,
			);
			name = Products;
			sourceTree = "<group>";
		};
		D7B77F9D294B4D3A00AB8C14 /* Mascot */ = {
			isa = PBXGroup;
			children = (
				D7B77FBC294B613500AB8C14 /* GoogleService-Info.plist */,
				D7B77F9E294B4D3A00AB8C14 /* MascotApp.swift */,
				D7B77FA0294B4D3A00AB8C14 /* ContentView.swift */,
				D7B77FAF294B567B00AB8C14 /* Views */,
				D7B77FB0294B568600AB8C14 /* Models */,
				D7B77FB1294B569000AB8C14 /* ViewModels */,
				D7B77FA2294B4D3B00AB8C14 /* Assets.xcassets */,
				D7B77FA4294B4D3B00AB8C14 /* Preview Content */,
			);
			path = Mascot;
			sourceTree = "<group>";
		};
		D7B77FA4294B4D3B00AB8C14 /* Preview Content */ = {
			isa = PBXGroup;
			children = (
				D7B77FA5294B4D3B00AB8C14 /* Preview Assets.xcassets */,
			);
			path = "Preview Content";
			sourceTree = "<group>";
		};
		D7B77FAF294B567B00AB8C14 /* Views */ = {
			isa = PBXGroup;
			children = (
				D7B77FB4294B56C200AB8C14 /* ResisterView.swift */,
				D7B77FB2294B56B300AB8C14 /* LoginView.swift */,
				D7B77FCE294C060B00AB8C14 /* PostView.swift */,
			);
			path = Views;
			sourceTree = "<group>";
		};
		D7B77FB0294B568600AB8C14 /* Models */ = {
			isa = PBXGroup;
			children = (
				D7B77FB6294B56DB00AB8C14 /* LoginResisterModel.swift */,
				D7B77FBA294B5CFD00AB8C14 /* ImagePicker.swift */,
			);
			path = Models;
			sourceTree = "<group>";
		};
		D7B77FB1294B569000AB8C14 /* ViewModels */ = {
			isa = PBXGroup;
			children = (
				D7B77FB8294B56EB00AB8C14 /* AuthStore.swift */,
			);
			path = ViewModels;
			sourceTree = "<group>";
		};
/* End PBXGroup section */

/* Begin PBXNativeTarget section */
		D7B77F9A294B4D3A00AB8C14 /* Mascot */ = {
			isa = PBXNativeTarget;
			buildConfigurationList = D7B77FA9294B4D3B00AB8C14 /* Build configuration list for PBXNativeTarget "Mascot" */;
			buildPhases = (
				D7B77F97294B4D3A00AB8C14 /* Sources */,
				D7B77F98294B4D3A00AB8C14 /* Frameworks */,
				D7B77F99294B4D3A00AB8C14 /* Resources */,
			);
			buildRules = (
			);
			dependencies = (
			);
			name = Mascot;
			packageProductDependencies = (
				D7B77FBF294B620400AB8C14 /* FirebaseAuth */,
				D7B77FC1294B620400AB8C14 /* FirebaseDatabase */,
				D7B77FC3294B620400AB8C14 /* FirebaseDatabaseSwift */,
				D7B77FC5294B620400AB8C14 /* FirebaseFirestore */,
				D7B77FC7294B620400AB8C14 /* FirebaseFirestoreSwift */,
				D7B77FC9294B620400AB8C14 /* FirebaseStorage */,
				D7B77FCC294B62D800AB8C14 /* SDWebImageSwiftUI */,
			);
			productName = Mascot;
			productReference = D7B77F9B294B4D3A00AB8C14 /* Mascot.app */;
			productType = "com.apple.product-type.application";
		};
/* End PBXNativeTarget section */

/* Begin PBXProject section */
		D7B77F93294B4D3900AB8C14 /* Project object */ = {
			isa = PBXProject;
			attributes = {
				BuildIndependentTargetsInParallel = 1;
				LastSwiftUpdateCheck = 1410;
				LastUpgradeCheck = 1410;
				TargetAttributes = {
					D7B77F9A294B4D3A00AB8C14 = {
						CreatedOnToolsVersion = 14.1;
					};
				};
			};
			buildConfigurationList = D7B77F96294B4D3900AB8C14 /* Build configuration list for PBXProject "Mascot" */;
			compatibilityVersion = "Xcode 14.0";
			developmentRegion = en;
			hasScannedForEncodings = 0;
			knownRegions = (
				en,
				Base,
			);
			mainGroup = D7B77F92294B4D3900AB8C14;
			packageReferences = (
				D7B77FBE294B620400AB8C14 /* XCRemoteSwiftPackageReference "firebase-ios-sdk" */,
				D7B77FCB294B62D800AB8C14 /* XCRemoteSwiftPackageReference "SDWebImageSwiftUI" */,
			);
			productRefGroup = D7B77F9C294B4D3A00AB8C14 /* Products */;
			projectDirPath = "";
			projectRoot = "";
			targets = (
				D7B77F9A294B4D3A00AB8C14 /* Mascot */,
			);
		};
/* End PBXProject section */

/* Begin PBXResourcesBuildPhase section */
		D7B77F99294B4D3A00AB8C14 /* Resources */ = {
			isa = PBXResourcesBuildPhase;
			buildActionMask = 2147483647;
			files = (
				D7B77FA6294B4D3B00AB8C14 /* Preview Assets.xcassets in Resources */,
				D7B77FA3294B4D3B00AB8C14 /* Assets.xcassets in Resources */,
				D7B77FBD294B613500AB8C14 /* GoogleService-Info.plist in Resources */,
			);
			runOnlyForDeploymentPostprocessing = 0;
		};
/* End PBXResourcesBuildPhase section */

/* Begin PBXSourcesBuildPhase section */
		D7B77F97294B4D3A00AB8C14 /* Sources */ = {
			isa = PBXSourcesBuildPhase;
			buildActionMask = 2147483647;
			files = (
				D7B77FB3294B56B300AB8C14 /* LoginView.swift in Sources */,
				D7B77FB7294B56DB00AB8C14 /* LoginResisterModel.swift in Sources */,
				D7B77FCF294C060B00AB8C14 /* PostView.swift in Sources */,
				D7B77FB5294B56C200AB8C14 /* ResisterView.swift in Sources */,
				D7B77FBB294B5CFD00AB8C14 /* ImagePicker.swift in Sources */,
				D7B77FA1294B4D3A00AB8C14 /* ContentView.swift in Sources */,
				D7B77F9F294B4D3A00AB8C14 /* MascotApp.swift in Sources */,
				D7B77FB9294B56EB00AB8C14 /* AuthStore.swift in Sources */,
			);
			runOnlyForDeploymentPostprocessing = 0;
		};
/* End PBXSourcesBuildPhase section */

/* Begin XCBuildConfiguration section */
		D7B77FA7294B4D3B00AB8C14 /* Debug */ = {
			isa = XCBuildConfiguration;
			buildSettings = {
				ALWAYS_SEARCH_USER_PATHS = NO;
				CLANG_ANALYZER_NONNULL = YES;
				CLANG_ANALYZER_NUMBER_OBJECT_CONVERSION = YES_AGGRESSIVE;
				CLANG_CXX_LANGUAGE_STANDARD = "gnu++20";
				CLANG_ENABLE_MODULES = YES;
				CLANG_ENABLE_OBJC_ARC = YES;
				CLANG_ENABLE_OBJC_WEAK = YES;
				CLANG_WARN_BLOCK_CAPTURE_AUTORELEASING = YES;
				CLANG_WARN_BOOL_CONVERSION = YES;
				CLANG_WARN_COMMA = YES;
				CLANG_WARN_CONSTANT_CONVERSION = YES;
				CLANG_WARN_DEPRECATED_OBJC_IMPLEMENTATIONS = YES;
				CLANG_WARN_DIRECT_OBJC_ISA_USAGE = YES_ERROR;
				CLANG_WARN_DOCUMENTATION_COMMENTS = YES;
				CLANG_WARN_EMPTY_BODY = YES;
				CLANG_WARN_ENUM_CONVERSION = YES;
				CLANG_WARN_INFINITE_RECURSION = YES;
				CLANG_WARN_INT_CONVERSION = YES;
				CLANG_WARN_NON_LITERAL_NULL_CONVERSION = YES;
				CLANG_WARN_OBJC_IMPLICIT_RETAIN_SELF = YES;
				CLANG_WARN_OBJC_LITERAL_CONVERSION = YES;
				CLANG_WARN_OBJC_ROOT_CLASS = YES_ERROR;
				CLANG_WARN_QUOTED_INCLUDE_IN_FRAMEWORK_HEADER = YES;
				CLANG_WARN_RANGE_LOOP_ANALYSIS = YES;
				CLANG_WARN_STRICT_PROTOTYPES = YES;
				CLANG_WARN_SUSPICIOUS_MOVE = YES;
				CLANG_WARN_UNGUARDED_AVAILABILITY = YES_AGGRESSIVE;
				CLANG_WARN_UNREACHABLE_CODE = YES;
				CLANG_WARN__DUPLICATE_METHOD_MATCH = YES;
				COPY_PHASE_STRIP = NO;
				DEBUG_INFORMATION_FORMAT = dwarf;
				ENABLE_STRICT_OBJC_MSGSEND = YES;
				ENABLE_TESTABILITY = YES;
				GCC_C_LANGUAGE_STANDARD = gnu11;
				GCC_DYNAMIC_NO_PIC = NO;
				GCC_NO_COMMON_BLOCKS = YES;
				GCC_OPTIMIZATION_LEVEL = 0;
				GCC_PREPROCESSOR_DEFINITIONS = (
					"DEBUG=1",
					"$(inherited)",
				);
				GCC_WARN_64_TO_32_BIT_CONVERSION = YES;
				GCC_WARN_ABOUT_RETURN_TYPE = YES_ERROR;
				GCC_WARN_UNDECLARED_SELECTOR = YES;
				GCC_WARN_UNINITIALIZED_AUTOS = YES_AGGRESSIVE;
				GCC_WARN_UNUSED_FUNCTION = YES;
				GCC_WARN_UNUSED_VARIABLE = YES;
				IPHONEOS_DEPLOYMENT_TARGET = 16.1;
				MTL_ENABLE_DEBUG_INFO = INCLUDE_SOURCE;
				MTL_FAST_MATH = YES;
				ONLY_ACTIVE_ARCH = YES;
				SDKROOT = iphoneos;
				SWIFT_ACTIVE_COMPILATION_CONDITIONS = DEBUG;
				SWIFT_OPTIMIZATION_LEVEL = "-Onone";
			};
			name = Debug;
		};
		D7B77FA8294B4D3B00AB8C14 /* Release */ = {
			isa = XCBuildConfiguration;
			buildSettings = {
				ALWAYS_SEARCH_USER_PATHS = NO;
				CLANG_ANALYZER_NONNULL = YES;
				CLANG_ANALYZER_NUMBER_OBJECT_CONVERSION = YES_AGGRESSIVE;
				CLANG_CXX_LANGUAGE_STANDARD = "gnu++20";
				CLANG_ENABLE_MODULES = YES;
				CLANG_ENABLE_OBJC_ARC = YES;
				CLANG_ENABLE_OBJC_WEAK = YES;
				CLANG_WARN_BLOCK_CAPTURE_AUTORELEASING = YES;
				CLANG_WARN_BOOL_CONVERSION = YES;
				CLANG_WARN_COMMA = YES;
				CLANG_WARN_CONSTANT_CONVERSION = YES;
				CLANG_WARN_DEPRECATED_OBJC_IMPLEMENTATIONS = YES;
				CLANG_WARN_DIRECT_OBJC_ISA_USAGE = YES_ERROR;
				CLANG_WARN_DOCUMENTATION_COMMENTS = YES;
				CLANG_WARN_EMPTY_BODY = YES;
				CLANG_WARN_ENUM_CONVERSION = YES;
				CLANG_WARN_INFINITE_RECURSION = YES;
				CLANG_WARN_INT_CONVERSION = YES;
				CLANG_WARN_NON_LITERAL_NULL_CONVERSION = YES;
				CLANG_WARN_OBJC_IMPLICIT_RETAIN_SELF = YES;
				CLANG_WARN_OBJC_LITERAL_CONVERSION = YES;
				CLANG_WARN_OBJC_ROOT_CLASS = YES_ERROR;
				CLANG_WARN_QUOTED_INCLUDE_IN_FRAMEWORK_HEADER = YES;
				CLANG_WARN_RANGE_LOOP_ANALYSIS = YES;
				CLANG_WARN_STRICT_PROTOTYPES = YES;
				CLANG_WARN_SUSPICIOUS_MOVE = YES;
				CLANG_WARN_UNGUARDED_AVAILABILITY = YES_AGGRESSIVE;
				CLANG_WARN_UNREACHABLE_CODE = YES;
				CLANG_WARN__DUPLICATE_METHOD_MATCH = YES;
				COPY_PHASE_STRIP = NO;
				DEBUG_INFORMATION_FORMAT = "dwarf-with-dsym";
				ENABLE_NS_ASSERTIONS = NO;
				ENABLE_STRICT_OBJC_MSGSEND = YES;
				GCC_C_LANGUAGE_STANDARD = gnu11;
				GCC_NO_COMMON_BLOCKS = YES;
				GCC_WARN_64_TO_32_BIT_CONVERSION = YES;
				GCC_WARN_ABOUT_RETURN_TYPE = YES_ERROR;
				GCC_WARN_UNDECLARED_SELECTOR = YES;
				GCC_WARN_UNINITIALIZED_AUTOS = YES_AGGRESSIVE;
				GCC_WARN_UNUSED_FUNCTION = YES;
				GCC_WARN_UNUSED_VARIABLE = YES;
				IPHONEOS_DEPLOYMENT_TARGET = 16.1;
				MTL_ENABLE_DEBUG_INFO = NO;
				MTL_FAST_MATH = YES;
				SDKROOT = iphoneos;
				SWIFT_COMPILATION_MODE = wholemodule;
				SWIFT_OPTIMIZATION_LEVEL = "-O";
				VALIDATE_PRODUCT = YES;
			};
			name = Release;
		};
		D7B77FAA294B4D3B00AB8C14 /* Debug */ = {
			isa = XCBuildConfiguration;
			buildSettings = {
				ASSETCATALOG_COMPILER_APPICON_NAME = AppIcon;
				ASSETCATALOG_COMPILER_GLOBAL_ACCENT_COLOR_NAME = AccentColor;
				CODE_SIGN_STYLE = Automatic;
				CURRENT_PROJECT_VERSION = 1;
				DEVELOPMENT_ASSET_PATHS = "\"Mascot/Preview Content\"";
				DEVELOPMENT_TEAM = 4RG9LBF3XF;
				ENABLE_PREVIEWS = YES;
				GENERATE_INFOPLIST_FILE = YES;
				INFOPLIST_KEY_UIApplicationSceneManifest_Generation = YES;
				INFOPLIST_KEY_UIApplicationSupportsIndirectInputEvents = YES;
				INFOPLIST_KEY_UILaunchScreen_Generation = YES;
				INFOPLIST_KEY_UISupportedInterfaceOrientations_iPad = "UIInterfaceOrientationPortrait UIInterfaceOrientationPortraitUpsideDown UIInterfaceOrientationLandscapeLeft UIInterfaceOrientationLandscapeRight";
				INFOPLIST_KEY_UISupportedInterfaceOrientations_iPhone = "UIInterfaceOrientationPortrait UIInterfaceOrientationLandscapeLeft UIInterfaceOrientationLandscapeRight";
				LD_RUNPATH_SEARCH_PATHS = (
					"$(inherited)",
					"@executable_path/Frameworks",
				);
				MARKETING_VERSION = 1.0;
				PRODUCT_BUNDLE_IDENTIFIER = jina.Mascot;
				PRODUCT_NAME = "$(TARGET_NAME)";
				SWIFT_EMIT_LOC_STRINGS = YES;
				SWIFT_VERSION = 5.0;
				TARGETED_DEVICE_FAMILY = "1,2";
			};
			name = Debug;
		};
		D7B77FAB294B4D3B00AB8C14 /* Release */ = {
			isa = XCBuildConfiguration;
			buildSettings = {
				ASSETCATALOG_COMPILER_APPICON_NAME = AppIcon;
				ASSETCATALOG_COMPILER_GLOBAL_ACCENT_COLOR_NAME = AccentColor;
				CODE_SIGN_STYLE = Automatic;
				CURRENT_PROJECT_VERSION = 1;
				DEVELOPMENT_ASSET_PATHS = "\"Mascot/Preview Content\"";
				DEVELOPMENT_TEAM = 4RG9LBF3XF;
				ENABLE_PREVIEWS = YES;
				GENERATE_INFOPLIST_FILE = YES;
				INFOPLIST_KEY_UIApplicationSceneManifest_Generation = YES;
				INFOPLIST_KEY_UIApplicationSupportsIndirectInputEvents = YES;
				INFOPLIST_KEY_UILaunchScreen_Generation = YES;
				INFOPLIST_KEY_UISupportedInterfaceOrientations_iPad = "UIInterfaceOrientationPortrait UIInterfaceOrientationPortraitUpsideDown UIInterfaceOrientationLandscapeLeft UIInterfaceOrientationLandscapeRight";
				INFOPLIST_KEY_UISupportedInterfaceOrientations_iPhone = "UIInterfaceOrientationPortrait UIInterfaceOrientationLandscapeLeft UIInterfaceOrientationLandscapeRight";
				LD_RUNPATH_SEARCH_PATHS = (
					"$(inherited)",
					"@executable_path/Frameworks",
				);
				MARKETING_VERSION = 1.0;
				PRODUCT_BUNDLE_IDENTIFIER = jina.Mascot;
				PRODUCT_NAME = "$(TARGET_NAME)";
				SWIFT_EMIT_LOC_STRINGS = YES;
				SWIFT_VERSION = 5.0;
				TARGETED_DEVICE_FAMILY = "1,2";
			};
			name = Release;
		};
/* End XCBuildConfiguration section */

/* Begin XCConfigurationList section */
		D7B77F96294B4D3900AB8C14 /* Build configuration list for PBXProject "Mascot" */ = {
			isa = XCConfigurationList;
			buildConfigurations = (
				D7B77FA7294B4D3B00AB8C14 /* Debug */,
				D7B77FA8294B4D3B00AB8C14 /* Release */,
			);
			defaultConfigurationIsVisible = 0;
			defaultConfigurationName = Release;
		};
		D7B77FA9294B4D3B00AB8C14 /* Build configuration list for PBXNativeTarget "Mascot" */ = {
			isa = XCConfigurationList;
			buildConfigurations = (
				D7B77FAA294B4D3B00AB8C14 /* Debug */,
				D7B77FAB294B4D3B00AB8C14 /* Release */,
			);
			defaultConfigurationIsVisible = 0;
			defaultConfigurationName = Release;
		};
/* End XCConfigurationList section */

/* Begin XCRemoteSwiftPackageReference section */
		D7B77FBE294B620400AB8C14 /* XCRemoteSwiftPackageReference "firebase-ios-sdk" */ = {
			isa = XCRemoteSwiftPackageReference;
			repositoryURL = "https://github.com/firebase/firebase-ios-sdk";
			requirement = {
				branch = master;
				kind = branch;
			};
		};
		D7B77FCB294B62D800AB8C14 /* XCRemoteSwiftPackageReference "SDWebImageSwiftUI" */ = {
			isa = XCRemoteSwiftPackageReference;
			repositoryURL = "https://github.com/SDWebImage/SDWebImageSwiftUI.git";
			requirement = {
				kind = upToNextMajorVersion;
				minimumVersion = 2.0.0;
			};
		};
/* End XCRemoteSwiftPackageReference section */

/* Begin XCSwiftPackageProductDependency section */
		D7B77FBF294B620400AB8C14 /* FirebaseAuth */ = {
			isa = XCSwiftPackageProductDependency;
			package = D7B77FBE294B620400AB8C14 /* XCRemoteSwiftPackageReference "firebase-ios-sdk" */;
			productName = FirebaseAuth;
		};
		D7B77FC1294B620400AB8C14 /* FirebaseDatabase */ = {
			isa = XCSwiftPackageProductDependency;
			package = D7B77FBE294B620400AB8C14 /* XCRemoteSwiftPackageReference "firebase-ios-sdk" */;
			productName = FirebaseDatabase;
		};
		D7B77FC3294B620400AB8C14 /* FirebaseDatabaseSwift */ = {
			isa = XCSwiftPackageProductDependency;
			package = D7B77FBE294B620400AB8C14 /* XCRemoteSwiftPackageReference "firebase-ios-sdk" */;
			productName = FirebaseDatabaseSwift;
		};
		D7B77FC5294B620400AB8C14 /* FirebaseFirestore */ = {
			isa = XCSwiftPackageProductDependency;
			package = D7B77FBE294B620400AB8C14 /* XCRemoteSwiftPackageReference "firebase-ios-sdk" */;
			productName = FirebaseFirestore;
		};
		D7B77FC7294B620400AB8C14 /* FirebaseFirestoreSwift */ = {
			isa = XCSwiftPackageProductDependency;
			package = D7B77FBE294B620400AB8C14 /* XCRemoteSwiftPackageReference "firebase-ios-sdk" */;
			productName = FirebaseFirestoreSwift;
		};
		D7B77FC9294B620400AB8C14 /* FirebaseStorage */ = {
			isa = XCSwiftPackageProductDependency;
			package = D7B77FBE294B620400AB8C14 /* XCRemoteSwiftPackageReference "firebase-ios-sdk" */;
			productName = FirebaseStorage;
		};
		D7B77FCC294B62D800AB8C14 /* SDWebImageSwiftUI */ = {
			isa = XCSwiftPackageProductDependency;
			package = D7B77FCB294B62D800AB8C14 /* XCRemoteSwiftPackageReference "SDWebImageSwiftUI" */;
			productName = SDWebImageSwiftUI;
		};
/* End XCSwiftPackageProductDependency section */
	};
	rootObject = D7B77F93294B4D3900AB8C14 /* Project object */;
}
